
Microsoft Visual Studio Solution File, Format Version 12.00
# Visual Studio 2013
VisualStudioVersion = 12.0.21005.1
MinimumVisualStudioVersion = 10.0.40219.1
Project("{FAE04EC0-301F-11D3-BF4B-00C04F79EFBC}") = "As.Toolbox.Threading", "As.Toolbox.Threading\As.Toolbox.Threading.csproj", "{5D5D6ADE-C375-48C6-8647-6973D1D332E0}"
EndProject
Project("{2150E333-8FDC-42A3-9474-1A3956D46DE8}") = "Samples", "Samples", "{816AB25A-AFEB-4B85-B1DF-7A9B680831DE}"
EndProject
Project("{FAE04EC0-301F-11D3-BF4B-00C04F79EFBC}") = "SampleConsumedQueue", "SampleConsumedQueue\SampleConsumedQueue.csproj", "{9C643979-C986-4B37-B759-A89A8990B6D1}"
EndProject
Global
	GlobalSection(SolutionConfigurationPlatforms) = preSolution
		Debug|Any CPU = Debug|Any CPU
		Release|Any CPU = Release|Any CPU
	EndGlobalSection
	GlobalSection(ProjectConfigurationPlatforms) = postSolution
		{5D5D6ADE-C375-48C6-8647-6973D1D332E0}.Debug|Any CPU.ActiveCfg = Debug|Any CPU
		{5D5D6ADE-C375-48C6-8647-6973D1D332E0}.Debug|Any CPU.Build.0 = Debug|Any CPU
		{5D5D6ADE-C375-48C6-8647-6973D1D332E0}.Release|Any CPU.ActiveCfg = Release|Any CPU
		{5D5D6ADE-C375-48C6-8647-6973D1D332E0}.Release|Any CPU.Build.0 = Release|Any CPU
		{9C643979-C986-4B37-B759-A89A8990B6D1}.Debug|Any CPU.ActiveCfg = Debug|Any CPU
		{9C643979-C986-4B37-B759-A89A8990B6D1}.Debug|Any CPU.Build.0 = Debug|Any CPU
		{9C643979-C986-4B37-B759-A89A8990B6D1}.Release|Any CPU.ActiveCfg = Release|Any CPU
		{9C643979-C986-4B37-B759-A89A8990B6D1}.Release|Any CPU.Build.0 = Release|Any CPU
	EndGlobalSection
	GlobalSection(SolutionProperties) = preSolution
		HideSolutionNode = FALSE
	EndGlobalSection
	GlobalSection(NestedProjects) = preSolution
		{9C643979-C986-4B37-B759-A89A8990B6D1} = {816AB25A-AFEB-4B85-B1DF-7A9B680831DE}
	EndGlobalSection
EndGlobal
